{
  "version": 4,
  "terraform_version": "1.11.0",
  "serial": 16,
  "lineage": "bcaa36c4-0158-1119-8e55-1a92ae1b8834",
  "outputs": {},
  "resources": [
    {
      "mode": "managed",
      "type": "random_id",
      "name": "bucket_id",
      "provider": "provider[\"registry.terraform.io/hashicorp/random\"]",
      "instances": [
        {
          "schema_version": 0,
          "attributes": {
            "b64_std": "3L8Efe/IIJU=",
            "b64_url": "3L8Efe_IIJU",
            "byte_length": 8,
            "dec": "15906437347836174485",
            "hex": "dcbf047defc82095",
            "id": "3L8Efe_IIJU",
            "keepers": null,
            "prefix": null
          },
          "sensitive_attributes": []
        }
      ]
    }
  ],
  "check_results": null
}
